
Microsoft Visual Studio Solution File, Format Version 12.00
# Visual Studio Version 16
VisualStudioVersion = 16.0.29230.47
MinimumVisualStudioVersion = 10.0.40219.1
Project("{9A19103F-16F7-4668-BE54-9A1E7A4F7556}") = "Login_process_test", "Login_process_test.csproj", "{FAF6664F-808A-478E-B8CC-195F9AE369DA}"
EndProject
Global
	GlobalSection(SolutionConfigurationPlatforms) = preSolution
		Debug|Any CPU = Debug|Any CPU
		Release|Any CPU = Release|Any CPU
	EndGlobalSection
	GlobalSection(ProjectConfigurationPlatforms) = postSolution
		{FAF6664F-808A-478E-B8CC-195F9AE369DA}.Debug|Any CPU.ActiveCfg = Debug|Any CPU
		{FAF6664F-808A-478E-B8CC-195F9AE369DA}.Debug|Any CPU.Build.0 = Debug|Any CPU
		{FAF6664F-808A-478E-B8CC-195F9AE369DA}.Release|Any CPU.ActiveCfg = Release|Any CPU
		{FAF6664F-808A-478E-B8CC-195F9AE369DA}.Release|Any CPU.Build.0 = Release|Any CPU
	EndGlobalSection
	GlobalSection(SolutionProperties) = preSolution
		HideSolutionNode = FALSE
	EndGlobalSection
	GlobalSection(ExtensibilityGlobals) = postSolution
		SolutionGuid = {4C5034FC-00C4-43F3-8999-32AED4DEC96C}
	EndGlobalSection
EndGlobal
